
Microsoft Visual Studio Solution File, Format Version 12.00
# Visual Studio Version 16
VisualStudioVersion = 16.0.31624.102
MinimumVisualStudioVersion = 10.0.40219.1
Project("{9A19103F-16F7-4668-BE54-9A1E7A4F7556}") = "Search_System", "ConsoleApp1\Search_System.csproj", "{7EC76BFE-9512-4123-B689-EAE24B3DA294}"
EndProject
Project("{2150E333-8FDC-42A3-9474-1A3956D46DE8}") = "Solution Items", "Solution Items", "{F3A30987-0491-4E76-8794-1CEC18E33CF8}"
EndProject
Global
	GlobalSection(SolutionConfigurationPlatforms) = preSolution
		Debug|Any CPU = Debug|Any CPU
		Release|Any CPU = Release|Any CPU
	EndGlobalSection
	GlobalSection(ProjectConfigurationPlatforms) = postSolution
		{7EC76BFE-9512-4123-B689-EAE24B3DA294}.Debug|Any CPU.ActiveCfg = Debug|Any CPU
		{7EC76BFE-9512-4123-B689-EAE24B3DA294}.Debug|Any CPU.Build.0 = Debug|Any CPU
		{7EC76BFE-9512-4123-B689-EAE24B3DA294}.Release|Any CPU.ActiveCfg = Release|Any CPU
		{7EC76BFE-9512-4123-B689-EAE24B3DA294}.Release|Any CPU.Build.0 = Release|Any CPU
	EndGlobalSection
	GlobalSection(SolutionProperties) = preSolution
		HideSolutionNode = FALSE
	EndGlobalSection
	GlobalSection(ExtensibilityGlobals) = postSolution
		SolutionGuid = {F9527235-911E-4432-B664-D036BCFAB234}
	EndGlobalSection
EndGlobal
